
Microsoft Visual Studio Solution File, Format Version 12.00
# Visual Studio 15
VisualStudioVersion = 15.0.28307.421
MinimumVisualStudioVersion = 10.0.40219.1
Project("{FAE04EC0-301F-11D3-BF4B-00C04F79EFBC}") = "HSPI_WebSockets", "HSPI_WebSockets\HSPI_WebSockets.csproj", "{D597C83B-9D43-41AC-8A0D-817793401788}"
EndProject
Global
	GlobalSection(SolutionConfigurationPlatforms) = preSolution
		Debug|Any CPU = Debug|Any CPU
		Release|Any CPU = Release|Any CPU
	EndGlobalSection
	GlobalSection(ProjectConfigurationPlatforms) = postSolution
		{D597C83B-9D43-41AC-8A0D-817793401788}.Debug|Any CPU.ActiveCfg = Debug|Any CPU
		{D597C83B-9D43-41AC-8A0D-817793401788}.Debug|Any CPU.Build.0 = Debug|Any CPU
		{D597C83B-9D43-41AC-8A0D-817793401788}.Release|Any CPU.ActiveCfg = Release|Any CPU
		{D597C83B-9D43-41AC-8A0D-817793401788}.Release|Any CPU.Build.0 = Release|Any CPU
	EndGlobalSection
	GlobalSection(SolutionProperties) = preSolution
		HideSolutionNode = FALSE
	EndGlobalSection
	GlobalSection(ExtensibilityGlobals) = postSolution
		SolutionGuid = {6CDD7696-AE01-4CCF-B493-9C0BB9ED8F55}
	EndGlobalSection
EndGlobal
